
Microsoft Visual Studio Solution File, Format Version 12.00
# Visual Studio Version 17
VisualStudioVersion = 17.1.32328.378
MinimumVisualStudioVersion = 10.0.40219.1
Project("{9A19103F-16F7-4668-BE54-9A1E7A4F7556}") = "SynapseWebAPI", "SynapseWebAPI\SynapseWebAPI.csproj", "{CE3FA3C3-B3D8-407E-B2B1-1B629E9B567C}"
EndProject
Global
	GlobalSection(SolutionConfigurationPlatforms) = preSolution
		Debug|Any CPU = Debug|Any CPU
		Release|Any CPU = Release|Any CPU
	EndGlobalSection
	GlobalSection(ProjectConfigurationPlatforms) = postSolution
		{CE3FA3C3-B3D8-407E-B2B1-1B629E9B567C}.Debug|Any CPU.ActiveCfg = Debug|Any CPU
		{CE3FA3C3-B3D8-407E-B2B1-1B629E9B567C}.Debug|Any CPU.Build.0 = Debug|Any CPU
		{CE3FA3C3-B3D8-407E-B2B1-1B629E9B567C}.Release|Any CPU.ActiveCfg = Release|Any CPU
		{CE3FA3C3-B3D8-407E-B2B1-1B629E9B567C}.Release|Any CPU.Build.0 = Release|Any CPU
	EndGlobalSection
	GlobalSection(SolutionProperties) = preSolution
		HideSolutionNode = FALSE
	EndGlobalSection
	GlobalSection(ExtensibilityGlobals) = postSolution
		SolutionGuid = {9DF0221C-BC31-47C7-B610-9D7B1127C7E6}
	EndGlobalSection
EndGlobal
